// !$*UTF8*$!
{
	archiveVersion = 1;
	classes = {
	};
	objectVersion = 51;
	objects = {

/* Begin PBXBuildFile section */
		151DCF62B46169C423B37873 /* Pods_casumoTestTask.framework in Frameworks */ = {isa = PBXBuildFile; fileRef = 054E4F0B7E830547845BAE97 /* Pods_casumoTestTask.framework */; };
		3C8045C92F026D959CEC9ABE /* libPods-casumoTestTaskUITests.a in Frameworks */ = {isa = PBXBuildFile; fileRef = 01D249FC6AB5350871392A9C /* libPods-casumoTestTaskUITests.a */; };
		80470CE0B74C4550157926C8 /* libPods-casumoTestTaskTests.a in Frameworks */ = {isa = PBXBuildFile; fileRef = DC76A11C24BDE187E99AD183 /* libPods-casumoTestTaskTests.a */; };
		EF2A1ADF2545971B0037BE15 /* AppDelegate.swift in Sources */ = {isa = PBXBuildFile; fileRef = EF2A1ADE2545971B0037BE15 /* AppDelegate.swift */; };
		EF2A1AE12545971B0037BE15 /* SceneDelegate.swift in Sources */ = {isa = PBXBuildFile; fileRef = EF2A1AE02545971B0037BE15 /* SceneDelegate.swift */; };
		EF2A1AE62545971B0037BE15 /* Main.storyboard in Resources */ = {isa = PBXBuildFile; fileRef = EF2A1AE42545971B0037BE15 /* Main.storyboard */; };
		EF2A1AE82545971C0037BE15 /* Assets.xcassets in Resources */ = {isa = PBXBuildFile; fileRef = EF2A1AE72545971C0037BE15 /* Assets.xcassets */; };
		EF2A1AEB2545971C0037BE15 /* LaunchScreen.storyboard in Resources */ = {isa = PBXBuildFile; fileRef = EF2A1AE92545971C0037BE15 /* LaunchScreen.storyboard */; };
		EF2A1AF62545971C0037BE15 /* casumoTestTaskTests.swift in Sources */ = {isa = PBXBuildFile; fileRef = EF2A1AF52545971C0037BE15 /* casumoTestTaskTests.swift */; };
		EF2A1B012545971C0037BE15 /* casumoTestTaskUITests.swift in Sources */ = {isa = PBXBuildFile; fileRef = EF2A1B002545971C0037BE15 /* casumoTestTaskUITests.swift */; };
		EFC0CADA2545BF0F00ABA6A4 /* NetworkManager.swift in Sources */ = {isa = PBXBuildFile; fileRef = EFC0CAD92545BF0F00ABA6A4 /* NetworkManager.swift */; };
		EFC0CB0A2545C3EC00ABA6A4 /* Event.swift in Sources */ = {isa = PBXBuildFile; fileRef = EFC0CB092545C3EC00ABA6A4 /* Event.swift */; };
		EFC0CB132545DD5E00ABA6A4 /* Actor.swift in Sources */ = {isa = PBXBuildFile; fileRef = EFC0CB122545DD5E00ABA6A4 /* Actor.swift */; };
		EFC0CB182545DD6800ABA6A4 /* Repo.swift in Sources */ = {isa = PBXBuildFile; fileRef = EFC0CB172545DD6800ABA6A4 /* Repo.swift */; };
		EFC0CB1D2545DD7900ABA6A4 /* Payload.swift in Sources */ = {isa = PBXBuildFile; fileRef = EFC0CB1C2545DD7900ABA6A4 /* Payload.swift */; };
		EFC0CB222545DD8200ABA6A4 /* Org.swift in Sources */ = {isa = PBXBuildFile; fileRef = EFC0CB212545DD8200ABA6A4 /* Org.swift */; };
		EFC0CB272545E2B400ABA6A4 /* Commit.swift in Sources */ = {isa = PBXBuildFile; fileRef = EFC0CB262545E2B400ABA6A4 /* Commit.swift */; };
		EFC0CB2C2545E2D000ABA6A4 /* Author.swift in Sources */ = {isa = PBXBuildFile; fileRef = EFC0CB2B2545E2D000ABA6A4 /* Author.swift */; };
		EFC0CB312545FAAA00ABA6A4 /* PullRequest.swift in Sources */ = {isa = PBXBuildFile; fileRef = EFC0CB302545FAAA00ABA6A4 /* PullRequest.swift */; };
		EFC0CB362545FAC800ABA6A4 /* User.swift in Sources */ = {isa = PBXBuildFile; fileRef = EFC0CB352545FAC800ABA6A4 /* User.swift */; };
		EFC0CB3B2545FB6E00ABA6A4 /* Label.swift in Sources */ = {isa = PBXBuildFile; fileRef = EFC0CB3A2545FB6E00ABA6A4 /* Label.swift */; };
		EFC0CB402545FC2800ABA6A4 /* Owner.swift in Sources */ = {isa = PBXBuildFile; fileRef = EFC0CB3F2545FC2800ABA6A4 /* Owner.swift */; };
		EFC0CB452546013500ABA6A4 /* Head.swift in Sources */ = {isa = PBXBuildFile; fileRef = EFC0CB442546013500ABA6A4 /* Head.swift */; };
		EFC0CB4A2546087E00ABA6A4 /* Base.swift in Sources */ = {isa = PBXBuildFile; fileRef = EFC0CB492546087E00ABA6A4 /* Base.swift */; };
		EFC0CB4F25460E5600ABA6A4 /* MergedBy.swift in Sources */ = {isa = PBXBuildFile; fileRef = EFC0CB4E25460E5600ABA6A4 /* MergedBy.swift */; };
		EFCDFBE22548622D00463C08 /* UIColor+Extensions.swift in Sources */ = {isa = PBXBuildFile; fileRef = EFCDFBE12548622D00463C08 /* UIColor+Extensions.swift */; };
		EFF27B132546F75C00D47DD6 /* EventsViewController.swift in Sources */ = {isa = PBXBuildFile; fileRef = EFF27B122546F75C00D47DD6 /* EventsViewController.swift */; };
		EFF27B182546F7A200D47DD6 /* SearchFooter.swift in Sources */ = {isa = PBXBuildFile; fileRef = EFF27B172546F7A200D47DD6 /* SearchFooter.swift */; };
		EFF27C5325470BB500D47DD6 /* DetailViewController.swift in Sources */ = {isa = PBXBuildFile; fileRef = EFF27C5225470BB500D47DD6 /* DetailViewController.swift */; };
		EFF27C5925472A1D00D47DD6 /* EventTableViewCell.swift in Sources */ = {isa = PBXBuildFile; fileRef = EFF27C5725472A1C00D47DD6 /* EventTableViewCell.swift */; };
		EFF27C5A25472A1D00D47DD6 /* EventTableViewCell.xib in Resources */ = {isa = PBXBuildFile; fileRef = EFF27C5825472A1D00D47DD6 /* EventTableViewCell.xib */; };
		EFF27C672547374400D47DD6 /* Comment.swift in Sources */ = {isa = PBXBuildFile; fileRef = EFF27C662547374400D47DD6 /* Comment.swift */; };
		EFF27C6C25473D9600D47DD6 /* License.swift in Sources */ = {isa = PBXBuildFile; fileRef = EFF27C6B25473D9600D47DD6 /* License.swift */; };
/* End PBXBuildFile section */

/* Begin PBXContainerItemProxy section */
		EF2A1AF22545971C0037BE15 /* PBXContainerItemProxy */ = {
			isa = PBXContainerItemProxy;
			containerPortal = EF2A1AD32545971A0037BE15 /* Project object */;
			proxyType = 1;
			remoteGlobalIDString = EF2A1ADA2545971B0037BE15;
			remoteInfo = casumoTestTask;
		};
		EF2A1AFD2545971C0037BE15 /* PBXContainerItemProxy */ = {
			isa = PBXContainerItemProxy;
			containerPortal = EF2A1AD32545971A0037BE15 /* Project object */;
			proxyType = 1;
			remoteGlobalIDString = EF2A1ADA2545971B0037BE15;
			remoteInfo = casumoTestTask;
		};
/* End PBXContainerItemProxy section */

/* Begin PBXFileReference section */
		01D249FC6AB5350871392A9C /* libPods-casumoTestTaskUITests.a */ = {isa = PBXFileReference; explicitFileType = archive.ar; includeInIndex = 0; path = "libPods-casumoTestTaskUITests.a"; sourceTree = BUILT_PRODUCTS_DIR; };
		054E4F0B7E830547845BAE97 /* Pods_casumoTestTask.framework */ = {isa = PBXFileReference; explicitFileType = wrapper.framework; includeInIndex = 0; path = Pods_casumoTestTask.framework; sourceTree = BUILT_PRODUCTS_DIR; };
		25D4124CAFC6615A90A5754C /* Pods-casumoTestTaskUITests.release.xcconfig */ = {isa = PBXFileReference; includeInIndex = 1; lastKnownFileType = text.xcconfig; name = "Pods-casumoTestTaskUITests.release.xcconfig"; path = "Target Support Files/Pods-casumoTestTaskUITests/Pods-casumoTestTaskUITests.release.xcconfig"; sourceTree = "<group>"; };
		67DCFE077032F25DA7A645C8 /* Pods-casumoTestTaskTests.release.xcconfig */ = {isa = PBXFileReference; includeInIndex = 1; lastKnownFileType = text.xcconfig; name = "Pods-casumoTestTaskTests.release.xcconfig"; path = "Target Support Files/Pods-casumoTestTaskTests/Pods-casumoTestTaskTests.release.xcconfig"; sourceTree = "<group>"; };
		A62CEEE4D2A6A7F2E54D70E4 /* Pods-casumoTestTask.debug.xcconfig */ = {isa = PBXFileReference; includeInIndex = 1; lastKnownFileType = text.xcconfig; name = "Pods-casumoTestTask.debug.xcconfig"; path = "Target Support Files/Pods-casumoTestTask/Pods-casumoTestTask.debug.xcconfig"; sourceTree = "<group>"; };
		ACC9729A87DD4E90DA94A990 /* Pods-casumoTestTask.release.xcconfig */ = {isa = PBXFileReference; includeInIndex = 1; lastKnownFileType = text.xcconfig; name = "Pods-casumoTestTask.release.xcconfig"; path = "Target Support Files/Pods-casumoTestTask/Pods-casumoTestTask.release.xcconfig"; sourceTree = "<group>"; };
		B606949106EFB2AE3B24E3EF /* Pods-casumoTestTaskTests.debug.xcconfig */ = {isa = PBXFileReference; includeInIndex = 1; lastKnownFileType = text.xcconfig; name = "Pods-casumoTestTaskTests.debug.xcconfig"; path = "Target Support Files/Pods-casumoTestTaskTests/Pods-casumoTestTaskTests.debug.xcconfig"; sourceTree = "<group>"; };
		D820109CBBED69B38C335126 /* Pods-casumoTestTaskUITests.debug.xcconfig */ = {isa = PBXFileReference; includeInIndex = 1; lastKnownFileType = text.xcconfig; name = "Pods-casumoTestTaskUITests.debug.xcconfig"; path = "Target Support Files/Pods-casumoTestTaskUITests/Pods-casumoTestTaskUITests.debug.xcconfig"; sourceTree = "<group>"; };
		DC76A11C24BDE187E99AD183 /* libPods-casumoTestTaskTests.a */ = {isa = PBXFileReference; explicitFileType = archive.ar; includeInIndex = 0; path = "libPods-casumoTestTaskTests.a"; sourceTree = BUILT_PRODUCTS_DIR; };
		EF2A1ADB2545971B0037BE15 /* casumoTestTask.app */ = {isa = PBXFileReference; explicitFileType = wrapper.application; includeInIndex = 0; path = casumoTestTask.app; sourceTree = BUILT_PRODUCTS_DIR; };
		EF2A1ADE2545971B0037BE15 /* AppDelegate.swift */ = {isa = PBXFileReference; lastKnownFileType = sourcecode.swift; path = AppDelegate.swift; sourceTree = "<group>"; };
		EF2A1AE02545971B0037BE15 /* SceneDelegate.swift */ = {isa = PBXFileReference; lastKnownFileType = sourcecode.swift; path = SceneDelegate.swift; sourceTree = "<group>"; };
		EF2A1AE52545971B0037BE15 /* Base */ = {isa = PBXFileReference; lastKnownFileType = file.storyboard; name = Base; path = Base.lproj/Main.storyboard; sourceTree = "<group>"; };
		EF2A1AE72545971C0037BE15 /* Assets.xcassets */ = {isa = PBXFileReference; lastKnownFileType = folder.assetcatalog; path = Assets.xcassets; sourceTree = "<group>"; };
		EF2A1AEA2545971C0037BE15 /* Base */ = {isa = PBXFileReference; lastKnownFileType = file.storyboard; name = Base; path = Base.lproj/LaunchScreen.storyboard; sourceTree = "<group>"; };
		EF2A1AEC2545971C0037BE15 /* Info.plist */ = {isa = PBXFileReference; lastKnownFileType = text.plist.xml; path = Info.plist; sourceTree = "<group>"; };
		EF2A1AF12545971C0037BE15 /* casumoTestTaskTests.xctest */ = {isa = PBXFileReference; explicitFileType = wrapper.cfbundle; includeInIndex = 0; path = casumoTestTaskTests.xctest; sourceTree = BUILT_PRODUCTS_DIR; };
		EF2A1AF52545971C0037BE15 /* casumoTestTaskTests.swift */ = {isa = PBXFileReference; lastKnownFileType = sourcecode.swift; path = casumoTestTaskTests.swift; sourceTree = "<group>"; };
		EF2A1AF72545971C0037BE15 /* Info.plist */ = {isa = PBXFileReference; lastKnownFileType = text.plist.xml; path = Info.plist; sourceTree = "<group>"; };
		EF2A1AFC2545971C0037BE15 /* casumoTestTaskUITests.xctest */ = {isa = PBXFileReference; explicitFileType = wrapper.cfbundle; includeInIndex = 0; path = casumoTestTaskUITests.xctest; sourceTree = BUILT_PRODUCTS_DIR; };
		EF2A1B002545971C0037BE15 /* casumoTestTaskUITests.swift */ = {isa = PBXFileReference; lastKnownFileType = sourcecode.swift; path = casumoTestTaskUITests.swift; sourceTree = "<group>"; };
		EF2A1B022545971C0037BE15 /* Info.plist */ = {isa = PBXFileReference; lastKnownFileType = text.plist.xml; path = Info.plist; sourceTree = "<group>"; };
		EFC0CAD92545BF0F00ABA6A4 /* NetworkManager.swift */ = {isa = PBXFileReference; fileEncoding = 4; lastKnownFileType = sourcecode.swift; path = NetworkManager.swift; sourceTree = "<group>"; };
		EFC0CB092545C3EC00ABA6A4 /* Event.swift */ = {isa = PBXFileReference; lastKnownFileType = sourcecode.swift; path = Event.swift; sourceTree = "<group>"; };
		EFC0CB122545DD5E00ABA6A4 /* Actor.swift */ = {isa = PBXFileReference; lastKnownFileType = sourcecode.swift; path = Actor.swift; sourceTree = "<group>"; };
		EFC0CB172545DD6800ABA6A4 /* Repo.swift */ = {isa = PBXFileReference; lastKnownFileType = sourcecode.swift; path = Repo.swift; sourceTree = "<group>"; };
		EFC0CB1C2545DD7900ABA6A4 /* Payload.swift */ = {isa = PBXFileReference; lastKnownFileType = sourcecode.swift; path = Payload.swift; sourceTree = "<group>"; };
		EFC0CB212545DD8200ABA6A4 /* Org.swift */ = {isa = PBXFileReference; lastKnownFileType = sourcecode.swift; path = Org.swift; sourceTree = "<group>"; };
		EFC0CB262545E2B400ABA6A4 /* Commit.swift */ = {isa = PBXFileReference; lastKnownFileType = sourcecode.swift; path = Commit.swift; sourceTree = "<group>"; };
		EFC0CB2B2545E2D000ABA6A4 /* Author.swift */ = {isa = PBXFileReference; lastKnownFileType = sourcecode.swift; path = Author.swift; sourceTree = "<group>"; };
		EFC0CB302545FAAA00ABA6A4 /* PullRequest.swift */ = {isa = PBXFileReference; lastKnownFileType = sourcecode.swift; path = PullRequest.swift; sourceTree = "<group>"; };
		EFC0CB352545FAC800ABA6A4 /* User.swift */ = {isa = PBXFileReference; lastKnownFileType = sourcecode.swift; path = User.swift; sourceTree = "<group>"; };
		EFC0CB3A2545FB6E00ABA6A4 /* Label.swift */ = {isa = PBXFileReference; lastKnownFileType = sourcecode.swift; path = Label.swift; sourceTree = "<group>"; };
		EFC0CB3F2545FC2800ABA6A4 /* Owner.swift */ = {isa = PBXFileReference; lastKnownFileType = sourcecode.swift; path = Owner.swift; sourceTree = "<group>"; };
		EFC0CB442546013500ABA6A4 /* Head.swift */ = {isa = PBXFileReference; lastKnownFileType = sourcecode.swift; path = Head.swift; sourceTree = "<group>"; };
		EFC0CB492546087E00ABA6A4 /* Base.swift */ = {isa = PBXFileReference; lastKnownFileType = sourcecode.swift; path = Base.swift; sourceTree = "<group>"; };
		EFC0CB4E25460E5600ABA6A4 /* MergedBy.swift */ = {isa = PBXFileReference; lastKnownFileType = sourcecode.swift; path = MergedBy.swift; sourceTree = "<group>"; };
		EFCDFBE12548622D00463C08 /* UIColor+Extensions.swift */ = {isa = PBXFileReference; lastKnownFileType = sourcecode.swift; path = "UIColor+Extensions.swift"; sourceTree = "<group>"; };
		EFF27B122546F75C00D47DD6 /* EventsViewController.swift */ = {isa = PBXFileReference; lastKnownFileType = sourcecode.swift; path = EventsViewController.swift; sourceTree = "<group>"; };
		EFF27B172546F7A200D47DD6 /* SearchFooter.swift */ = {isa = PBXFileReference; fileEncoding = 4; lastKnownFileType = sourcecode.swift; path = SearchFooter.swift; sourceTree = "<group>"; };
		EFF27C5225470BB500D47DD6 /* DetailViewController.swift */ = {isa = PBXFileReference; lastKnownFileType = sourcecode.swift; path = DetailViewController.swift; sourceTree = "<group>"; };
		EFF27C5725472A1C00D47DD6 /* EventTableViewCell.swift */ = {isa = PBXFileReference; lastKnownFileType = sourcecode.swift; path = EventTableViewCell.swift; sourceTree = "<group>"; };
		EFF27C5825472A1D00D47DD6 /* EventTableViewCell.xib */ = {isa = PBXFileReference; lastKnownFileType = file.xib; path = EventTableViewCell.xib; sourceTree = "<group>"; };
		EFF27C662547374400D47DD6 /* Comment.swift */ = {isa = PBXFileReference; lastKnownFileType = sourcecode.swift; path = Comment.swift; sourceTree = "<group>"; };
		EFF27C6B25473D9600D47DD6 /* License.swift */ = {isa = PBXFileReference; lastKnownFileType = sourcecode.swift; path = License.swift; sourceTree = "<group>"; };
/* End PBXFileReference section */

/* Begin PBXFrameworksBuildPhase section */
		EF2A1AD82545971B0037BE15 /* Frameworks */ = {
			isa = PBXFrameworksBuildPhase;
			buildActionMask = 2147483647;
			files = (
				151DCF62B46169C423B37873 /* Pods_casumoTestTask.framework in Frameworks */,
			);
			runOnlyForDeploymentPostprocessing = 0;
		};
		EF2A1AEE2545971C0037BE15 /* Frameworks */ = {
			isa = PBXFrameworksBuildPhase;
			buildActionMask = 2147483647;
			files = (
				80470CE0B74C4550157926C8 /* libPods-casumoTestTaskTests.a in Frameworks */,
			);
			runOnlyForDeploymentPostprocessing = 0;
		};
		EF2A1AF92545971C0037BE15 /* Frameworks */ = {
			isa = PBXFrameworksBuildPhase;
			buildActionMask = 2147483647;
			files = (
				3C8045C92F026D959CEC9ABE /* libPods-casumoTestTaskUITests.a in Frameworks */,
			);
			runOnlyForDeploymentPostprocessing = 0;
		};
/* End PBXFrameworksBuildPhase section */

/* Begin PBXGroup section */
		9879B4C7E689C10D94F691FA /* Pods */ = {
			isa = PBXGroup;
			children = (
				A62CEEE4D2A6A7F2E54D70E4 /* Pods-casumoTestTask.debug.xcconfig */,
				ACC9729A87DD4E90DA94A990 /* Pods-casumoTestTask.release.xcconfig */,
				B606949106EFB2AE3B24E3EF /* Pods-casumoTestTaskTests.debug.xcconfig */,
				67DCFE077032F25DA7A645C8 /* Pods-casumoTestTaskTests.release.xcconfig */,
				D820109CBBED69B38C335126 /* Pods-casumoTestTaskUITests.debug.xcconfig */,
				25D4124CAFC6615A90A5754C /* Pods-casumoTestTaskUITests.release.xcconfig */,
			);
			path = Pods;
			sourceTree = "<group>";
		};
		A4363A0D546039A0267CF745 /* Frameworks */ = {
			isa = PBXGroup;
			children = (
				054E4F0B7E830547845BAE97 /* Pods_casumoTestTask.framework */,
				DC76A11C24BDE187E99AD183 /* libPods-casumoTestTaskTests.a */,
				01D249FC6AB5350871392A9C /* libPods-casumoTestTaskUITests.a */,
			);
			name = Frameworks;
			sourceTree = "<group>";
		};
		EF2A1AD22545971A0037BE15 = {
			isa = PBXGroup;
			children = (
				EF2A1ADD2545971B0037BE15 /* casumoTestTask */,
				EF2A1AF42545971C0037BE15 /* casumoTestTaskTests */,
				EF2A1AFF2545971C0037BE15 /* casumoTestTaskUITests */,
				EF2A1ADC2545971B0037BE15 /* Products */,
				9879B4C7E689C10D94F691FA /* Pods */,
				A4363A0D546039A0267CF745 /* Frameworks */,
			);
			sourceTree = "<group>";
		};
		EF2A1ADC2545971B0037BE15 /* Products */ = {
			isa = PBXGroup;
			children = (
				EF2A1ADB2545971B0037BE15 /* casumoTestTask.app */,
				EF2A1AF12545971C0037BE15 /* casumoTestTaskTests.xctest */,
				EF2A1AFC2545971C0037BE15 /* casumoTestTaskUITests.xctest */,
			);
			name = Products;
			sourceTree = "<group>";
		};
		EF2A1ADD2545971B0037BE15 /* casumoTestTask */ = {
			isa = PBXGroup;
			children = (
				EFCDFC2F254877FF00463C08 /* Common */,
				EFCDFC432548789F00463C08 /* Features */,
				EFCDFC2C254877AA00463C08 /* Resources */,
				EFCDFC3F2548786400463C08 /* Supporting Files */,
			);
			path = casumoTestTask;
			sourceTree = "<group>";
		};
		EF2A1AF42545971C0037BE15 /* casumoTestTaskTests */ = {
			isa = PBXGroup;
			children = (
				EF2A1AF52545971C0037BE15 /* casumoTestTaskTests.swift */,
				EF2A1AF72545971C0037BE15 /* Info.plist */,
			);
			path = casumoTestTaskTests;
			sourceTree = "<group>";
		};
		EF2A1AFF2545971C0037BE15 /* casumoTestTaskUITests */ = {
			isa = PBXGroup;
			children = (
				EF2A1B002545971C0037BE15 /* casumoTestTaskUITests.swift */,
				EF2A1B022545971C0037BE15 /* Info.plist */,
			);
			path = casumoTestTaskUITests;
			sourceTree = "<group>";
		};
		EFC0CB0E2545DD3F00ABA6A4 /* Models */ = {
			isa = PBXGroup;
			children = (
				EFC0CB122545DD5E00ABA6A4 /* Actor.swift */,
				EFC0CB2B2545E2D000ABA6A4 /* Author.swift */,
				EFC0CB492546087E00ABA6A4 /* Base.swift */,
				EFF27C662547374400D47DD6 /* Comment.swift */,
				EFC0CB262545E2B400ABA6A4 /* Commit.swift */,
				EFC0CB092545C3EC00ABA6A4 /* Event.swift */,
				EFC0CB442546013500ABA6A4 /* Head.swift */,
				EFC0CB3A2545FB6E00ABA6A4 /* Label.swift */,
				EFF27C6B25473D9600D47DD6 /* License.swift */,
				EFC0CB4E25460E5600ABA6A4 /* MergedBy.swift */,
				EFC0CB212545DD8200ABA6A4 /* Org.swift */,
				EFC0CB3F2545FC2800ABA6A4 /* Owner.swift */,
				EFC0CB1C2545DD7900ABA6A4 /* Payload.swift */,
				EFC0CB302545FAAA00ABA6A4 /* PullRequest.swift */,
				EFC0CB172545DD6800ABA6A4 /* Repo.swift */,
				EFC0CB352545FAC800ABA6A4 /* User.swift */,
			);
			path = Models;
			sourceTree = "<group>";
		};
		EFCDFC2C254877AA00463C08 /* Resources */ = {
			isa = PBXGroup;
			children = (
				EFCDFC2E254877DE00463C08 /* UI */,
				EFCDFC2D254877BD00463C08 /* Assets */,
			);
			path = Resources;
			sourceTree = "<group>";
		};
		EFCDFC2D254877BD00463C08 /* Assets */ = {
			isa = PBXGroup;
			children = (
				EF2A1AE72545971C0037BE15 /* Assets.xcassets */,
			);
			path = Assets;
			sourceTree = "<group>";
		};
		EFCDFC2E254877DE00463C08 /* UI */ = {
			isa = PBXGroup;
			children = (
				EF2A1AE42545971B0037BE15 /* Main.storyboard */,
				EFF27C5825472A1D00D47DD6 /* EventTableViewCell.xib */,
				EF2A1AE92545971C0037BE15 /* LaunchScreen.storyboard */,
			);
			path = UI;
			sourceTree = "<group>";
		};
		EFCDFC2F254877FF00463C08 /* Common */ = {
			isa = PBXGroup;
			children = (
				EFCDFC3B2548784700463C08 /* Managers */,
				EFCDFC372548782400463C08 /* ReusableUI */,
				EFCDFC332548781400463C08 /* Extensions */,
			);
			path = Common;
			sourceTree = "<group>";
		};
		EFCDFC332548781400463C08 /* Extensions */ = {
			isa = PBXGroup;
			children = (
				EFCDFBE12548622D00463C08 /* UIColor+Extensions.swift */,
			);
			path = Extensions;
			sourceTree = "<group>";
		};
		EFCDFC372548782400463C08 /* ReusableUI */ = {
			isa = PBXGroup;
			children = (
				EFF27B172546F7A200D47DD6 /* SearchFooter.swift */,
			);
			path = ReusableUI;
			sourceTree = "<group>";
		};
		EFCDFC3B2548784700463C08 /* Managers */ = {
			isa = PBXGroup;
			children = (
				EFC0CAD92545BF0F00ABA6A4 /* NetworkManager.swift */,
			);
			path = Managers;
			sourceTree = "<group>";
		};
		EFCDFC3F2548786400463C08 /* Supporting Files */ = {
			isa = PBXGroup;
			children = (
				EF2A1ADE2545971B0037BE15 /* AppDelegate.swift */,
				EF2A1AE02545971B0037BE15 /* SceneDelegate.swift */,
				EF2A1AEC2545971C0037BE15 /* Info.plist */,
			);
			path = "Supporting Files";
			sourceTree = "<group>";
		};
		EFCDFC432548789F00463C08 /* Features */ = {
			isa = PBXGroup;
			children = (
				EFCDFC4B254878C800463C08 /* Cells */,
				EFCDFC47254878AD00463C08 /* Controllers */,
				EFC0CB0E2545DD3F00ABA6A4 /* Models */,
			);
			path = Features;
			sourceTree = "<group>";
		};
		EFCDFC47254878AD00463C08 /* Controllers */ = {
			isa = PBXGroup;
			children = (
				EFF27B122546F75C00D47DD6 /* EventsViewController.swift */,
				EFF27C5225470BB500D47DD6 /* DetailViewController.swift */,
			);
			path = Controllers;
			sourceTree = "<group>";
		};
		EFCDFC4B254878C800463C08 /* Cells */ = {
			isa = PBXGroup;
			children = (
				EFF27C5725472A1C00D47DD6 /* EventTableViewCell.swift */,
			);
			path = Cells;
			sourceTree = "<group>";
		};
/* End PBXGroup section */

/* Begin PBXNativeTarget section */
		EF2A1ADA2545971B0037BE15 /* casumoTestTask */ = {
			isa = PBXNativeTarget;
			buildConfigurationList = EF2A1B052545971C0037BE15 /* Build configuration list for PBXNativeTarget "casumoTestTask" */;
			buildPhases = (
				0FFFEA5988CB406C9D423898 /* [CP] Check Pods Manifest.lock */,
				EF2A1AD72545971B0037BE15 /* Sources */,
				EF2A1AD82545971B0037BE15 /* Frameworks */,
				EF2A1AD92545971B0037BE15 /* Resources */,
				A449F93D370D59167B0CFDBF /* [CP] Embed Pods Frameworks */,
			);
			buildRules = (
			);
			dependencies = (
			);
			name = casumoTestTask;
			productName = casumoTestTask;
			productReference = EF2A1ADB2545971B0037BE15 /* casumoTestTask.app */;
			productType = "com.apple.product-type.application";
		};
		EF2A1AF02545971C0037BE15 /* casumoTestTaskTests */ = {
			isa = PBXNativeTarget;
			buildConfigurationList = EF2A1B082545971C0037BE15 /* Build configuration list for PBXNativeTarget "casumoTestTaskTests" */;
			buildPhases = (
				71A2C3A0F676C502AB9157A2 /* [CP] Check Pods Manifest.lock */,
				EF2A1AED2545971C0037BE15 /* Sources */,
				EF2A1AEE2545971C0037BE15 /* Frameworks */,
				EF2A1AEF2545971C0037BE15 /* Resources */,
			);
			buildRules = (
			);
			dependencies = (
				EF2A1AF32545971C0037BE15 /* PBXTargetDependency */,
			);
			name = casumoTestTaskTests;
			productName = casumoTestTaskTests;
			productReference = EF2A1AF12545971C0037BE15 /* casumoTestTaskTests.xctest */;
			productType = "com.apple.product-type.bundle.unit-test";
		};
		EF2A1AFB2545971C0037BE15 /* casumoTestTaskUITests */ = {
			isa = PBXNativeTarget;
			buildConfigurationList = EF2A1B0B2545971C0037BE15 /* Build configuration list for PBXNativeTarget "casumoTestTaskUITests" */;
			buildPhases = (
				530B5E976DCB80A060016D3C /* [CP] Check Pods Manifest.lock */,
				EF2A1AF82545971C0037BE15 /* Sources */,
				EF2A1AF92545971C0037BE15 /* Frameworks */,
				EF2A1AFA2545971C0037BE15 /* Resources */,
			);
			buildRules = (
			);
			dependencies = (
				EF2A1AFE2545971C0037BE15 /* PBXTargetDependency */,
			);
			name = casumoTestTaskUITests;
			productName = casumoTestTaskUITests;
			productReference = EF2A1AFC2545971C0037BE15 /* casumoTestTaskUITests.xctest */;
			productType = "com.apple.product-type.bundle.ui-testing";
		};
/* End PBXNativeTarget section */

/* Begin PBXProject section */
		EF2A1AD32545971A0037BE15 /* Project object */ = {
			isa = PBXProject;
			attributes = {
				LastSwiftUpdateCheck = 1200;
				LastUpgradeCheck = 1200;
				TargetAttributes = {
					EF2A1ADA2545971B0037BE15 = {
						CreatedOnToolsVersion = 12.0.1;
					};
					EF2A1AF02545971C0037BE15 = {
						CreatedOnToolsVersion = 12.0.1;
						TestTargetID = EF2A1ADA2545971B0037BE15;
					};
					EF2A1AFB2545971C0037BE15 = {
						CreatedOnToolsVersion = 12.0.1;
						TestTargetID = EF2A1ADA2545971B0037BE15;
					};
				};
			};
			buildConfigurationList = EF2A1AD62545971A0037BE15 /* Build configuration list for PBXProject "casumoTestTask" */;
			compatibilityVersion = "Xcode 9.3";
			developmentRegion = en;
			hasScannedForEncodings = 0;
			knownRegions = (
				en,
				Base,
			);
			mainGroup = EF2A1AD22545971A0037BE15;
			productRefGroup = EF2A1ADC2545971B0037BE15 /* Products */;
			projectDirPath = "";
			projectRoot = "";
			targets = (
				EF2A1ADA2545971B0037BE15 /* casumoTestTask */,
				EF2A1AF02545971C0037BE15 /* casumoTestTaskTests */,
				EF2A1AFB2545971C0037BE15 /* casumoTestTaskUITests */,
			);
		};
/* End PBXProject section */

/* Begin PBXResourcesBuildPhase section */
		EF2A1AD92545971B0037BE15 /* Resources */ = {
			isa = PBXResourcesBuildPhase;
			buildActionMask = 2147483647;
			files = (
				EFF27C5A25472A1D00D47DD6 /* EventTableViewCell.xib in Resources */,
				EF2A1AEB2545971C0037BE15 /* LaunchScreen.storyboard in Resources */,
				EF2A1AE82545971C0037BE15 /* Assets.xcassets in Resources */,
				EF2A1AE62545971B0037BE15 /* Main.storyboard in Resources */,
			);
			runOnlyForDeploymentPostprocessing = 0;
		};
		EF2A1AEF2545971C0037BE15 /* Resources */ = {
			isa = PBXResourcesBuildPhase;
			buildActionMask = 2147483647;
			files = (
			);
			runOnlyForDeploymentPostprocessing = 0;
		};
		EF2A1AFA2545971C0037BE15 /* Resources */ = {
			isa = PBXResourcesBuildPhase;
			buildActionMask = 2147483647;
			files = (
			);
			runOnlyForDeploymentPostprocessing = 0;
		};
/* End PBXResourcesBuildPhase section */

/* Begin PBXShellScriptBuildPhase section */
		0FFFEA5988CB406C9D423898 /* [CP] Check Pods Manifest.lock */ = {
			isa = PBXShellScriptBuildPhase;
			buildActionMask = 2147483647;
			files = (
			);
			inputFileListPaths = (
			);
			inputPaths = (
				"${PODS_PODFILE_DIR_PATH}/Podfile.lock",
				"${PODS_ROOT}/Manifest.lock",
			);
			name = "[CP] Check Pods Manifest.lock";
			outputFileListPaths = (
			);
			outputPaths = (
				"$(DERIVED_FILE_DIR)/Pods-casumoTestTask-checkManifestLockResult.txt",
			);
			runOnlyForDeploymentPostprocessing = 0;
			shellPath = /bin/sh;
			shellScript = "diff \"${PODS_PODFILE_DIR_PATH}/Podfile.lock\" \"${PODS_ROOT}/Manifest.lock\" > /dev/null\nif [ $? != 0 ] ; then\n    # print error to STDERR\n    echo \"error: The sandbox is not in sync with the Podfile.lock. Run 'pod install' or update your CocoaPods installation.\" >&2\n    exit 1\nfi\n# This output is used by Xcode 'outputs' to avoid re-running this script phase.\necho \"SUCCESS\" > \"${SCRIPT_OUTPUT_FILE_0}\"\n";
			showEnvVarsInLog = 0;
		};
		530B5E976DCB80A060016D3C /* [CP] Check Pods Manifest.lock */ = {
			isa = PBXShellScriptBuildPhase;
			buildActionMask = 2147483647;
			files = (
			);
			inputFileListPaths = (
			);
			inputPaths = (
				"${PODS_PODFILE_DIR_PATH}/Podfile.lock",
				"${PODS_ROOT}/Manifest.lock",
			);
			name = "[CP] Check Pods Manifest.lock";
			outputFileListPaths = (
			);
			outputPaths = (
				"$(DERIVED_FILE_DIR)/Pods-casumoTestTaskUITests-checkManifestLockResult.txt",
			);
			runOnlyForDeploymentPostprocessing = 0;
			shellPath = /bin/sh;
			shellScript = "diff \"${PODS_PODFILE_DIR_PATH}/Podfile.lock\" \"${PODS_ROOT}/Manifest.lock\" > /dev/null\nif [ $? != 0 ] ; then\n    # print error to STDERR\n    echo \"error: The sandbox is not in sync with the Podfile.lock. Run 'pod install' or update your CocoaPods installation.\" >&2\n    exit 1\nfi\n# This output is used by Xcode 'outputs' to avoid re-running this script phase.\necho \"SUCCESS\" > \"${SCRIPT_OUTPUT_FILE_0}\"\n";
			showEnvVarsInLog = 0;
		};
		71A2C3A0F676C502AB9157A2 /* [CP] Check Pods Manifest.lock */ = {
			isa = PBXShellScriptBuildPhase;
			buildActionMask = 2147483647;
			files = (
			);
			inputFileListPaths = (
			);
			inputPaths = (
				"${PODS_PODFILE_DIR_PATH}/Podfile.lock",
				"${PODS_ROOT}/Manifest.lock",
			);
			name = "[CP] Check Pods Manifest.lock";
			outputFileListPaths = (
			);
			outputPaths = (
				"$(DERIVED_FILE_DIR)/Pods-casumoTestTaskTests-checkManifestLockResult.txt",
			);
			runOnlyForDeploymentPostprocessing = 0;
			shellPath = /bin/sh;
			shellScript = "diff \"${PODS_PODFILE_DIR_PATH}/Podfile.lock\" \"${PODS_ROOT}/Manifest.lock\" > /dev/null\nif [ $? != 0 ] ; then\n    # print error to STDERR\n    echo \"error: The sandbox is not in sync with the Podfile.lock. Run 'pod install' or update your CocoaPods installation.\" >&2\n    exit 1\nfi\n# This output is used by Xcode 'outputs' to avoid re-running this script phase.\necho \"SUCCESS\" > \"${SCRIPT_OUTPUT_FILE_0}\"\n";
			showEnvVarsInLog = 0;
		};
		A449F93D370D59167B0CFDBF /* [CP] Embed Pods Frameworks */ = {
			isa = PBXShellScriptBuildPhase;
			buildActionMask = 2147483647;
			files = (
			);
			inputFileListPaths = (
				"${PODS_ROOT}/Target Support Files/Pods-casumoTestTask/Pods-casumoTestTask-frameworks-${CONFIGURATION}-input-files.xcfilelist",
			);
			name = "[CP] Embed Pods Frameworks";
			outputFileListPaths = (
				"${PODS_ROOT}/Target Support Files/Pods-casumoTestTask/Pods-casumoTestTask-frameworks-${CONFIGURATION}-output-files.xcfilelist",
			);
			runOnlyForDeploymentPostprocessing = 0;
			shellPath = /bin/sh;
			shellScript = "\"${PODS_ROOT}/Target Support Files/Pods-casumoTestTask/Pods-casumoTestTask-frameworks.sh\"\n";
			showEnvVarsInLog = 0;
		};
/* End PBXShellScriptBuildPhase section */

/* Begin PBXSourcesBuildPhase section */
		EF2A1AD72545971B0037BE15 /* Sources */ = {
			isa = PBXSourcesBuildPhase;
			buildActionMask = 2147483647;
			files = (
				EFF27C5925472A1D00D47DD6 /* EventTableViewCell.swift in Sources */,
				EFC0CADA2545BF0F00ABA6A4 /* NetworkManager.swift in Sources */,
				EFF27C6C25473D9600D47DD6 /* License.swift in Sources */,
				EFC0CB402545FC2800ABA6A4 /* Owner.swift in Sources */,
				EFC0CB272545E2B400ABA6A4 /* Commit.swift in Sources */,
				EFC0CB312545FAAA00ABA6A4 /* PullRequest.swift in Sources */,
				EF2A1ADF2545971B0037BE15 /* AppDelegate.swift in Sources */,
				EFC0CB4A2546087E00ABA6A4 /* Base.swift in Sources */,
				EFC0CB1D2545DD7900ABA6A4 /* Payload.swift in Sources */,
				EFC0CB362545FAC800ABA6A4 /* User.swift in Sources */,
				EFCDFBE22548622D00463C08 /* UIColor+Extensions.swift in Sources */,
				EFF27B132546F75C00D47DD6 /* EventsViewController.swift in Sources */,
				EFC0CB182545DD6800ABA6A4 /* Repo.swift in Sources */,
				EFF27C5325470BB500D47DD6 /* DetailViewController.swift in Sources */,
				EFC0CB3B2545FB6E00ABA6A4 /* Label.swift in Sources */,
				EFC0CB2C2545E2D000ABA6A4 /* Author.swift in Sources */,
				EFF27B182546F7A200D47DD6 /* SearchFooter.swift in Sources */,
				EFC0CB132545DD5E00ABA6A4 /* Actor.swift in Sources */,
				EFC0CB0A2545C3EC00ABA6A4 /* Event.swift in Sources */,
				EFF27C672547374400D47DD6 /* Comment.swift in Sources */,
				EFC0CB222545DD8200ABA6A4 /* Org.swift in Sources */,
				EF2A1AE12545971B0037BE15 /* SceneDelegate.swift in Sources */,
				EFC0CB4F25460E5600ABA6A4 /* MergedBy.swift in Sources */,
				EFC0CB452546013500ABA6A4 /* Head.swift in Sources */,
			);
			runOnlyForDeploymentPostprocessing = 0;
		};
		EF2A1AED2545971C0037BE15 /* Sources */ = {
			isa = PBXSourcesBuildPhase;
			buildActionMask = 2147483647;
			files = (
				EF2A1AF62545971C0037BE15 /* casumoTestTaskTests.swift in Sources */,
			);
			runOnlyForDeploymentPostprocessing = 0;
		};
		EF2A1AF82545971C0037BE15 /* Sources */ = {
			isa = PBXSourcesBuildPhase;
			buildActionMask = 2147483647;
			files = (
				EF2A1B012545971C0037BE15 /* casumoTestTaskUITests.swift in Sources */,
			);
			runOnlyForDeploymentPostprocessing = 0;
		};
/* End PBXSourcesBuildPhase section */

/* Begin PBXTargetDependency section */
		EF2A1AF32545971C0037BE15 /* PBXTargetDependency */ = {
			isa = PBXTargetDependency;
			target = EF2A1ADA2545971B0037BE15 /* casumoTestTask */;
			targetProxy = EF2A1AF22545971C0037BE15 /* PBXContainerItemProxy */;
		};
		EF2A1AFE2545971C0037BE15 /* PBXTargetDependency */ = {
			isa = PBXTargetDependency;
			target = EF2A1ADA2545971B0037BE15 /* casumoTestTask */;
			targetProxy = EF2A1AFD2545971C0037BE15 /* PBXContainerItemProxy */;
		};
/* End PBXTargetDependency section */

/* Begin PBXVariantGroup section */
		EF2A1AE42545971B0037BE15 /* Main.storyboard */ = {
			isa = PBXVariantGroup;
			children = (
				EF2A1AE52545971B0037BE15 /* Base */,
			);
			name = Main.storyboard;
			sourceTree = "<group>";
		};
		EF2A1AE92545971C0037BE15 /* LaunchScreen.storyboard */ = {
			isa = PBXVariantGroup;
			children = (
				EF2A1AEA2545971C0037BE15 /* Base */,
			);
			name = LaunchScreen.storyboard;
			sourceTree = "<group>";
		};
/* End PBXVariantGroup section */

/* Begin XCBuildConfiguration section */
		EF2A1B032545971C0037BE15 /* Debug */ = {
			isa = XCBuildConfiguration;
			buildSettings = {
				ALWAYS_SEARCH_USER_PATHS = NO;
				CLANG_ANALYZER_NONNULL = YES;
				CLANG_ANALYZER_NUMBER_OBJECT_CONVERSION = YES_AGGRESSIVE;
				CLANG_CXX_LANGUAGE_STANDARD = "gnu++14";
				CLANG_CXX_LIBRARY = "libc++";
				CLANG_ENABLE_MODULES = YES;
				CLANG_ENABLE_OBJC_ARC = YES;
				CLANG_ENABLE_OBJC_WEAK = YES;
				CLANG_WARN_BLOCK_CAPTURE_AUTORELEASING = YES;
				CLANG_WARN_BOOL_CONVERSION = YES;
				CLANG_WARN_COMMA = YES;
				CLANG_WARN_CONSTANT_CONVERSION = YES;
				CLANG_WARN_DEPRECATED_OBJC_IMPLEMENTATIONS = YES;
				CLANG_WARN_DIRECT_OBJC_ISA_USAGE = YES_ERROR;
				CLANG_WARN_DOCUMENTATION_COMMENTS = YES;
				CLANG_WARN_EMPTY_BODY = YES;
				CLANG_WARN_ENUM_CONVERSION = YES;
				CLANG_WARN_INFINITE_RECURSION = YES;
				CLANG_WARN_INT_CONVERSION = YES;
				CLANG_WARN_NON_LITERAL_NULL_CONVERSION = YES;
				CLANG_WARN_OBJC_IMPLICIT_RETAIN_SELF = YES;
				CLANG_WARN_OBJC_LITERAL_CONVERSION = YES;
				CLANG_WARN_OBJC_ROOT_CLASS = YES_ERROR;
				CLANG_WARN_QUOTED_INCLUDE_IN_FRAMEWORK_HEADER = YES;
				CLANG_WARN_RANGE_LOOP_ANALYSIS = YES;
				CLANG_WARN_STRICT_PROTOTYPES = YES;
				CLANG_WARN_SUSPICIOUS_MOVE = YES;
				CLANG_WARN_UNGUARDED_AVAILABILITY = YES_AGGRESSIVE;
				CLANG_WARN_UNREACHABLE_CODE = YES;
				CLANG_WARN__DUPLICATE_METHOD_MATCH = YES;
				COPY_PHASE_STRIP = NO;
				DEBUG_INFORMATION_FORMAT = dwarf;
				ENABLE_STRICT_OBJC_MSGSEND = YES;
				ENABLE_TESTABILITY = YES;
				GCC_C_LANGUAGE_STANDARD = gnu11;
				GCC_DYNAMIC_NO_PIC = NO;
				GCC_NO_COMMON_BLOCKS = YES;
				GCC_OPTIMIZATION_LEVEL = 0;
				GCC_PREPROCESSOR_DEFINITIONS = (
					"DEBUG=1",
					"$(inherited)",
				);
				GCC_WARN_64_TO_32_BIT_CONVERSION = YES;
				GCC_WARN_ABOUT_RETURN_TYPE = YES_ERROR;
				GCC_WARN_UNDECLARED_SELECTOR = YES;
				GCC_WARN_UNINITIALIZED_AUTOS = YES_AGGRESSIVE;
				GCC_WARN_UNUSED_FUNCTION = YES;
				GCC_WARN_UNUSED_VARIABLE = YES;
				IPHONEOS_DEPLOYMENT_TARGET = 14.0;
				MTL_ENABLE_DEBUG_INFO = INCLUDE_SOURCE;
				MTL_FAST_MATH = YES;
				ONLY_ACTIVE_ARCH = YES;
				SDKROOT = iphoneos;
				SWIFT_ACTIVE_COMPILATION_CONDITIONS = DEBUG;
				SWIFT_OPTIMIZATION_LEVEL = "-Onone";
			};
			name = Debug;
		};
		EF2A1B042545971C0037BE15 /* Release */ = {
			isa = XCBuildConfiguration;
			buildSettings = {
				ALWAYS_SEARCH_USER_PATHS = NO;
				CLANG_ANALYZER_NONNULL = YES;
				CLANG_ANALYZER_NUMBER_OBJECT_CONVERSION = YES_AGGRESSIVE;
				CLANG_CXX_LANGUAGE_STANDARD = "gnu++14";
				CLANG_CXX_LIBRARY = "libc++";
				CLANG_ENABLE_MODULES = YES;
				CLANG_ENABLE_OBJC_ARC = YES;
				CLANG_ENABLE_OBJC_WEAK = YES;
				CLANG_WARN_BLOCK_CAPTURE_AUTORELEASING = YES;
				CLANG_WARN_BOOL_CONVERSION = YES;
				CLANG_WARN_COMMA = YES;
				CLANG_WARN_CONSTANT_CONVERSION = YES;
				CLANG_WARN_DEPRECATED_OBJC_IMPLEMENTATIONS = YES;
				CLANG_WARN_DIRECT_OBJC_ISA_USAGE = YES_ERROR;
				CLANG_WARN_DOCUMENTATION_COMMENTS = YES;
				CLANG_WARN_EMPTY_BODY = YES;
				CLANG_WARN_ENUM_CONVERSION = YES;
				CLANG_WARN_INFINITE_RECURSION = YES;
				CLANG_WARN_INT_CONVERSION = YES;
				CLANG_WARN_NON_LITERAL_NULL_CONVERSION = YES;
				CLANG_WARN_OBJC_IMPLICIT_RETAIN_SELF = YES;
				CLANG_WARN_OBJC_LITERAL_CONVERSION = YES;
				CLANG_WARN_OBJC_ROOT_CLASS = YES_ERROR;
				CLANG_WARN_QUOTED_INCLUDE_IN_FRAMEWORK_HEADER = YES;
				CLANG_WARN_RANGE_LOOP_ANALYSIS = YES;
				CLANG_WARN_STRICT_PROTOTYPES = YES;
				CLANG_WARN_SUSPICIOUS_MOVE = YES;
				CLANG_WARN_UNGUARDED_AVAILABILITY = YES_AGGRESSIVE;
				CLANG_WARN_UNREACHABLE_CODE = YES;
				CLANG_WARN__DUPLICATE_METHOD_MATCH = YES;
				COPY_PHASE_STRIP = NO;
				DEBUG_INFORMATION_FORMAT = "dwarf-with-dsym";
				ENABLE_NS_ASSERTIONS = NO;
				ENABLE_STRICT_OBJC_MSGSEND = YES;
				GCC_C_LANGUAGE_STANDARD = gnu11;
				GCC_NO_COMMON_BLOCKS = YES;
				GCC_WARN_64_TO_32_BIT_CONVERSION = YES;
				GCC_WARN_ABOUT_RETURN_TYPE = YES_ERROR;
				GCC_WARN_UNDECLARED_SELECTOR = YES;
				GCC_WARN_UNINITIALIZED_AUTOS = YES_AGGRESSIVE;
				GCC_WARN_UNUSED_FUNCTION = YES;
				GCC_WARN_UNUSED_VARIABLE = YES;
				IPHONEOS_DEPLOYMENT_TARGET = 14.0;
				MTL_ENABLE_DEBUG_INFO = NO;
				MTL_FAST_MATH = YES;
				SDKROOT = iphoneos;
				SWIFT_COMPILATION_MODE = wholemodule;
				SWIFT_OPTIMIZATION_LEVEL = "-O";
				VALIDATE_PRODUCT = YES;
			};
			name = Release;
		};
		EF2A1B062545971C0037BE15 /* Debug */ = {
			isa = XCBuildConfiguration;
			baseConfigurationReference = A62CEEE4D2A6A7F2E54D70E4 /* Pods-casumoTestTask.debug.xcconfig */;
			buildSettings = {
				ASSETCATALOG_COMPILER_APPICON_NAME = AppIcon;
				ASSETCATALOG_COMPILER_GLOBAL_ACCENT_COLOR_NAME = AccentColor;
				CODE_SIGN_STYLE = Automatic;
				INFOPLIST_FILE = "casumoTestTask/Supporting Files/Info.plist";
				LD_RUNPATH_SEARCH_PATHS = (
					"$(inherited)",
					"@executable_path/Frameworks",
				);
				PRODUCT_BUNDLE_IDENTIFIER = com.symphonySolutions.casumoTestTask;
				PRODUCT_NAME = "$(TARGET_NAME)";
				SWIFT_VERSION = 5.0;
				TARGETED_DEVICE_FAMILY = "1,2";
			};
			name = Debug;
		};
		EF2A1B072545971C0037BE15 /* Release */ = {
			isa = XCBuildConfiguration;
			baseConfigurationReference = ACC9729A87DD4E90DA94A990 /* Pods-casumoTestTask.release.xcconfig */;
			buildSettings = {
				ASSETCATALOG_COMPILER_APPICON_NAME = AppIcon;
				ASSETCATALOG_COMPILER_GLOBAL_ACCENT_COLOR_NAME = AccentColor;
				CODE_SIGN_STYLE = Automatic;
				INFOPLIST_FILE = "casumoTestTask/Supporting Files/Info.plist";
				LD_RUNPATH_SEARCH_PATHS = (
					"$(inherited)",
					"@executable_path/Frameworks",
				);
				PRODUCT_BUNDLE_IDENTIFIER = com.symphonySolutions.casumoTestTask;
				PRODUCT_NAME = "$(TARGET_NAME)";
				SWIFT_VERSION = 5.0;
				TARGETED_DEVICE_FAMILY = "1,2";
			};
			name = Release;
		};
		EF2A1B092545971C0037BE15 /* Debug */ = {
			isa = XCBuildConfiguration;
			baseConfigurationReference = B606949106EFB2AE3B24E3EF /* Pods-casumoTestTaskTests.debug.xcconfig */;
			buildSettings = {
				ALWAYS_EMBED_SWIFT_STANDARD_LIBRARIES = YES;
				BUNDLE_LOADER = "$(TEST_HOST)";
				CODE_SIGN_STYLE = Automatic;
				INFOPLIST_FILE = casumoTestTaskTests/Info.plist;
				IPHONEOS_DEPLOYMENT_TARGET = 14.0;
				LD_RUNPATH_SEARCH_PATHS = (
					"$(inherited)",
					"@executable_path/Frameworks",
					"@loader_path/Frameworks",
				);
				PRODUCT_BUNDLE_IDENTIFIER = com.symphonySolutions.casumoTestTaskTests;
				PRODUCT_NAME = "$(TARGET_NAME)";
				SWIFT_VERSION = 5.0;
				TARGETED_DEVICE_FAMILY = "1,2";
				TEST_HOST = "$(BUILT_PRODUCTS_DIR)/casumoTestTask.app/casumoTestTask";
			};
			name = Debug;
		};
		EF2A1B0A2545971C0037BE15 /* Release */ = {
			isa = XCBuildConfiguration;
			baseConfigurationReference = 67DCFE077032F25DA7A645C8 /* Pods-casumoTestTaskTests.release.xcconfig */;
			buildSettings = {
				ALWAYS_EMBED_SWIFT_STANDARD_LIBRARIES = YES;
				BUNDLE_LOADER = "$(TEST_HOST)";
				CODE_SIGN_STYLE = Automatic;
				INFOPLIST_FILE = casumoTestTaskTests/Info.plist;
				IPHONEOS_DEPLOYMENT_TARGET = 14.0;
				LD_RUNPATH_SEARCH_PATHS = (
					"$(inherited)",
					"@executable_path/Frameworks",
					"@loader_path/Frameworks",
				);
				PRODUCT_BUNDLE_IDENTIFIER = com.symphonySolutions.casumoTestTaskTests;
				PRODUCT_NAME = "$(TARGET_NAME)";
				SWIFT_VERSION = 5.0;
				TARGETED_DEVICE_FAMILY = "1,2";
				TEST_HOST = "$(BUILT_PRODUCTS_DIR)/casumoTestTask.app/casumoTestTask";
			};
			name = Release;
		};
		EF2A1B0C2545971C0037BE15 /* Debug */ = {
			isa = XCBuildConfiguration;
			baseConfigurationReference = D820109CBBED69B38C335126 /* Pods-casumoTestTaskUITests.debug.xcconfig */;
			buildSettings = {
				ALWAYS_EMBED_SWIFT_STANDARD_LIBRARIES = YES;
				CODE_SIGN_STYLE = Automatic;
				INFOPLIST_FILE = casumoTestTaskUITests/Info.plist;
				LD_RUNPATH_SEARCH_PATHS = (
					"$(inherited)",
					"@executable_path/Frameworks",
					"@loader_path/Frameworks",
				);
				PRODUCT_BUNDLE_IDENTIFIER = com.symphonySolutions.casumoTestTaskUITests;
				PRODUCT_NAME = "$(TARGET_NAME)";
				SWIFT_VERSION = 5.0;
				TARGETED_DEVICE_FAMILY = "1,2";
				TEST_TARGET_NAME = casumoTestTask;
			};
			name = Debug;
		};
		EF2A1B0D2545971C0037BE15 /* Release */ = {
			isa = XCBuildConfiguration;
			baseConfigurationReference = 25D4124CAFC6615A90A5754C /* Pods-casumoTestTaskUITests.release.xcconfig */;
			buildSettings = {
				ALWAYS_EMBED_SWIFT_STANDARD_LIBRARIES = YES;
				CODE_SIGN_STYLE = Automatic;
				INFOPLIST_FILE = casumoTestTaskUITests/Info.plist;
				LD_RUNPATH_SEARCH_PATHS = (
					"$(inherited)",
					"@executable_path/Frameworks",
					"@loader_path/Frameworks",
				);
				PRODUCT_BUNDLE_IDENTIFIER = com.symphonySolutions.casumoTestTaskUITests;
				PRODUCT_NAME = "$(TARGET_NAME)";
				SWIFT_VERSION = 5.0;
				TARGETED_DEVICE_FAMILY = "1,2";
				TEST_TARGET_NAME = casumoTestTask;
			};
			name = Release;
		};
/* End XCBuildConfiguration section */

/* Begin XCConfigurationList section */
		EF2A1AD62545971A0037BE15 /* Build configuration list for PBXProject "casumoTestTask" */ = {
			isa = XCConfigurationList;
			buildConfigurations = (
				EF2A1B032545971C0037BE15 /* Debug */,
				EF2A1B042545971C0037BE15 /* Release */,
			);
			defaultConfigurationIsVisible = 0;
			defaultConfigurationName = Release;
		};
		EF2A1B052545971C0037BE15 /* Build configuration list for PBXNativeTarget "casumoTestTask" */ = {
			isa = XCConfigurationList;
			buildConfigurations = (
				EF2A1B062545971C0037BE15 /* Debug */,
				EF2A1B072545971C0037BE15 /* Release */,
			);
			defaultConfigurationIsVisible = 0;
			defaultConfigurationName = Release;
		};
		EF2A1B082545971C0037BE15 /* Build configuration list for PBXNativeTarget "casumoTestTaskTests" */ = {
			isa = XCConfigurationList;
			buildConfigurations = (
				EF2A1B092545971C0037BE15 /* Debug */,
				EF2A1B0A2545971C0037BE15 /* Release */,
			);
			defaultConfigurationIsVisible = 0;
			defaultConfigurationName = Release;
		};
		EF2A1B0B2545971C0037BE15 /* Build configuration list for PBXNativeTarget "casumoTestTaskUITests" */ = {
			isa = XCConfigurationList;
			buildConfigurations = (
				EF2A1B0C2545971C0037BE15 /* Debug */,
				EF2A1B0D2545971C0037BE15 /* Release */,
			);
			defaultConfigurationIsVisible = 0;
			defaultConfigurationName = Release;
		};
/* End XCConfigurationList section */
	};
	rootObject = EF2A1AD32545971A0037BE15 /* Project object */;
}
